//NOTA 1
double resultado1 = 0;
double nota1 = 0;
string dato1 = "";

Console.WriteLine("Ingrese nota 1:");
dato1 = Console.ReadLine();

nota1 = int.Parse(dato1);

resultado1 = (nota1 * 20) / 100;
  
//NOTA 2
double resultado2 = 0;
double nota2 = 0;
string dato2 = "";

Console.WriteLine("Ingrese nota 2:");
dato2 = Console.ReadLine();

nota2 = int.Parse(dato2);

resultado2 = (nota2 * 30) / 100;

//NOTA 3

double resultado3 = 0;
double nota3 = 0;
string dato3 = "";

Console.WriteLine("Ingrese nota 3:");
dato3 = Console.ReadLine();

nota3 = int.Parse(dato3);

resultado3 = (nota3 * 50) / 100;

//PROMEDIO FINAL

double promediofinal = (resultado1 + resultado2 + resultado3);
Console.WriteLine("Su promedio final es de:" + promediofinal);
